// !$*UTF8*$!
{
	archiveVersion = 1;
	classes = {
	};
	objectVersion = 51;
	objects = {

/* Begin PBXBuildFile section */
		2941536C22B446E100E681B3 /* Date+Extension.swift in Sources */ = {isa = PBXBuildFile; fileRef = 2941536B22B446E100E681B3 /* Date+Extension.swift */; };
		2941536E22B549E800E681B3 /* WordSizer.swift in Sources */ = {isa = PBXBuildFile; fileRef = 2941536D22B549E800E681B3 /* WordSizer.swift */; };
		2941DAA922B08F5E002E9473 /* WordCloudViewController.swift in Sources */ = {isa = PBXBuildFile; fileRef = 2941DAA822B08F5E002E9473 /* WordCloudViewController.swift */; };
		2941DAAB22B08F67002E9473 /* wordcloud.html in Resources */ = {isa = PBXBuildFile; fileRef = 2941DAAA22B08F67002E9473 /* wordcloud.html */; };
		2941DAAF22B08F73002E9473 /* d3.v3.min.js in Resources */ = {isa = PBXBuildFile; fileRef = 2941DAAC22B08F72002E9473 /* d3.v3.min.js */; };
		2941DAB022B08F73002E9473 /* seedrandom.js in Resources */ = {isa = PBXBuildFile; fileRef = 2941DAAD22B08F73002E9473 /* seedrandom.js */; };
		2941DAB122B08F73002E9473 /* d3.layout.cloud.js in Resources */ = {isa = PBXBuildFile; fileRef = 2941DAAE22B08F73002E9473 /* d3.layout.cloud.js */; };
		298B3E8222B568C300C0BCBE /* Array+Extension.swift in Sources */ = {isa = PBXBuildFile; fileRef = 298B3E8122B568C300C0BCBE /* Array+Extension.swift */; };
		298B3E8822B5C39700C0BCBE /* Token.swift in Sources */ = {isa = PBXBuildFile; fileRef = 298B3E8622B5C39700C0BCBE /* Token.swift */; };
		298B3E8922B5C39700C0BCBE /* Tokenizer.swift in Sources */ = {isa = PBXBuildFile; fileRef = 298B3E8722B5C39700C0BCBE /* Tokenizer.swift */; };
		29AF7EBC22B4190C0067CD9D /* UIView+Extension.swift in Sources */ = {isa = PBXBuildFile; fileRef = 29AF7EBB22B4190C0067CD9D /* UIView+Extension.swift */; };
		29AF7EBE22B430050067CD9D /* AGESData.swift in Sources */ = {isa = PBXBuildFile; fileRef = 29AF7EBD22B430050067CD9D /* AGESData.swift */; };
		29AF7EC022B430E10067CD9D /* ages-weekly_reports.csv in Resources */ = {isa = PBXBuildFile; fileRef = 29AF7EBF22B430E10067CD9D /* ages-weekly_reports.csv */; };
		29AF7EC222B431910067CD9D /* AGESDataLoader.swift in Sources */ = {isa = PBXBuildFile; fileRef = 29AF7EC122B431910067CD9D /* AGESDataLoader.swift */; };
		29BE669B22AFEC16001A4373 /* WordCloud.swift in Sources */ = {isa = PBXBuildFile; fileRef = 29BE669A22AFEC16001A4373 /* WordCloud.swift */; };
		7205E66179DF5B0353DCD38D /* Pods_TF_Visualizacao.framework in Frameworks */ = {isa = PBXBuildFile; fileRef = 6B001501AC0512161B915B29 /* Pods_TF_Visualizacao.framework */; };
		C2D6F4B422AAF5A5009D0C81 /* AppDelegate.swift in Sources */ = {isa = PBXBuildFile; fileRef = C2D6F4B322AAF5A5009D0C81 /* AppDelegate.swift */; };
		C2D6F4B622AAF5A5009D0C81 /* ViewController.swift in Sources */ = {isa = PBXBuildFile; fileRef = C2D6F4B522AAF5A5009D0C81 /* ViewController.swift */; };
		C2D6F4B922AAF5A5009D0C81 /* Main.storyboard in Resources */ = {isa = PBXBuildFile; fileRef = C2D6F4B722AAF5A5009D0C81 /* Main.storyboard */; };
		C2D6F4BB22AAF5A6009D0C81 /* Assets.xcassets in Resources */ = {isa = PBXBuildFile; fileRef = C2D6F4BA22AAF5A6009D0C81 /* Assets.xcassets */; };
		C2D6F4BE22AAF5A6009D0C81 /* LaunchScreen.storyboard in Resources */ = {isa = PBXBuildFile; fileRef = C2D6F4BC22AAF5A6009D0C81 /* LaunchScreen.storyboard */; };
/* End PBXBuildFile section */

/* Begin PBXFileReference section */
		2941536B22B446E100E681B3 /* Date+Extension.swift */ = {isa = PBXFileReference; lastKnownFileType = sourcecode.swift; path = "Date+Extension.swift"; sourceTree = "<group>"; };
		2941536D22B549E800E681B3 /* WordSizer.swift */ = {isa = PBXFileReference; lastKnownFileType = sourcecode.swift; path = WordSizer.swift; sourceTree = "<group>"; };
		2941DAA822B08F5E002E9473 /* WordCloudViewController.swift */ = {isa = PBXFileReference; fileEncoding = 4; lastKnownFileType = sourcecode.swift; path = WordCloudViewController.swift; sourceTree = "<group>"; };
		2941DAAA22B08F67002E9473 /* wordcloud.html */ = {isa = PBXFileReference; fileEncoding = 4; lastKnownFileType = text.html; path = wordcloud.html; sourceTree = "<group>"; };
		2941DAAC22B08F72002E9473 /* d3.v3.min.js */ = {isa = PBXFileReference; fileEncoding = 4; lastKnownFileType = sourcecode.javascript; path = d3.v3.min.js; sourceTree = "<group>"; };
		2941DAAD22B08F73002E9473 /* seedrandom.js */ = {isa = PBXFileReference; fileEncoding = 4; lastKnownFileType = sourcecode.javascript; path = seedrandom.js; sourceTree = "<group>"; };
		2941DAAE22B08F73002E9473 /* d3.layout.cloud.js */ = {isa = PBXFileReference; fileEncoding = 4; lastKnownFileType = sourcecode.javascript; path = d3.layout.cloud.js; sourceTree = "<group>"; };
		298B3E8122B568C300C0BCBE /* Array+Extension.swift */ = {isa = PBXFileReference; lastKnownFileType = sourcecode.swift; path = "Array+Extension.swift"; sourceTree = "<group>"; };
		298B3E8622B5C39700C0BCBE /* Token.swift */ = {isa = PBXFileReference; fileEncoding = 4; lastKnownFileType = sourcecode.swift; path = Token.swift; sourceTree = "<group>"; };
		298B3E8722B5C39700C0BCBE /* Tokenizer.swift */ = {isa = PBXFileReference; fileEncoding = 4; lastKnownFileType = sourcecode.swift; path = Tokenizer.swift; sourceTree = "<group>"; };
		29AF7EBB22B4190C0067CD9D /* UIView+Extension.swift */ = {isa = PBXFileReference; lastKnownFileType = sourcecode.swift; path = "UIView+Extension.swift"; sourceTree = "<group>"; };
		29AF7EBD22B430050067CD9D /* AGESData.swift */ = {isa = PBXFileReference; lastKnownFileType = sourcecode.swift; path = AGESData.swift; sourceTree = "<group>"; };
		29AF7EBF22B430E10067CD9D /* ages-weekly_reports.csv */ = {isa = PBXFileReference; fileEncoding = 4; lastKnownFileType = text; path = "ages-weekly_reports.csv"; sourceTree = "<group>"; };
		29AF7EC122B431910067CD9D /* AGESDataLoader.swift */ = {isa = PBXFileReference; lastKnownFileType = sourcecode.swift; path = AGESDataLoader.swift; sourceTree = "<group>"; };
		29BE669A22AFEC16001A4373 /* WordCloud.swift */ = {isa = PBXFileReference; lastKnownFileType = sourcecode.swift; path = WordCloud.swift; sourceTree = "<group>"; };
		62D0421D70E92A21A056DEB7 /* Pods-TF-Visualizacao.release.xcconfig */ = {isa = PBXFileReference; includeInIndex = 1; lastKnownFileType = text.xcconfig; name = "Pods-TF-Visualizacao.release.xcconfig"; path = "Pods/Target Support Files/Pods-TF-Visualizacao/Pods-TF-Visualizacao.release.xcconfig"; sourceTree = "<group>"; };
		6B001501AC0512161B915B29 /* Pods_TF_Visualizacao.framework */ = {isa = PBXFileReference; explicitFileType = wrapper.framework; includeInIndex = 0; path = Pods_TF_Visualizacao.framework; sourceTree = BUILT_PRODUCTS_DIR; };
		C2D6F4B022AAF5A5009D0C81 /* TF-Visualizacao.app */ = {isa = PBXFileReference; explicitFileType = wrapper.application; includeInIndex = 0; path = "TF-Visualizacao.app"; sourceTree = BUILT_PRODUCTS_DIR; };
		C2D6F4B322AAF5A5009D0C81 /* AppDelegate.swift */ = {isa = PBXFileReference; lastKnownFileType = sourcecode.swift; path = AppDelegate.swift; sourceTree = "<group>"; };
		C2D6F4B522AAF5A5009D0C81 /* ViewController.swift */ = {isa = PBXFileReference; lastKnownFileType = sourcecode.swift; path = ViewController.swift; sourceTree = "<group>"; };
		C2D6F4B822AAF5A5009D0C81 /* Base */ = {isa = PBXFileReference; lastKnownFileType = file.storyboard; name = Base; path = Base.lproj/Main.storyboard; sourceTree = "<group>"; };
		C2D6F4BA22AAF5A6009D0C81 /* Assets.xcassets */ = {isa = PBXFileReference; lastKnownFileType = folder.assetcatalog; path = Assets.xcassets; sourceTree = "<group>"; };
		C2D6F4BD22AAF5A6009D0C81 /* Base */ = {isa = PBXFileReference; lastKnownFileType = file.storyboard; name = Base; path = Base.lproj/LaunchScreen.storyboard; sourceTree = "<group>"; };
		C2D6F4BF22AAF5A6009D0C81 /* Info.plist */ = {isa = PBXFileReference; lastKnownFileType = text.plist.xml; path = Info.plist; sourceTree = "<group>"; };
		E55C9BB869EA1B88468422A6 /* Pods-TF-Visualizacao.debug.xcconfig */ = {isa = PBXFileReference; includeInIndex = 1; lastKnownFileType = text.xcconfig; name = "Pods-TF-Visualizacao.debug.xcconfig"; path = "Pods/Target Support Files/Pods-TF-Visualizacao/Pods-TF-Visualizacao.debug.xcconfig"; sourceTree = "<group>"; };
/* End PBXFileReference section */

/* Begin PBXFrameworksBuildPhase section */
		C2D6F4AD22AAF5A5009D0C81 /* Frameworks */ = {
			isa = PBXFrameworksBuildPhase;
			buildActionMask = 2147483647;
			files = (
				7205E66179DF5B0353DCD38D /* Pods_TF_Visualizacao.framework in Frameworks */,
			);
			runOnlyForDeploymentPostprocessing = 0;
		};
/* End PBXFrameworksBuildPhase section */

/* Begin PBXGroup section */
		298B3E8322B5C1B600C0BCBE /* Data */ = {
			isa = PBXGroup;
			children = (
				29AF7EC122B431910067CD9D /* AGESDataLoader.swift */,
				29AF7EBD22B430050067CD9D /* AGESData.swift */,
				29AF7EBF22B430E10067CD9D /* ages-weekly_reports.csv */,
			);
			path = Data;
			sourceTree = "<group>";
		};
		298B3E8422B5C1CE00C0BCBE /* WordCloud */ = {
			isa = PBXGroup;
			children = (
				2941DAA822B08F5E002E9473 /* WordCloudViewController.swift */,
				2941536D22B549E800E681B3 /* WordSizer.swift */,
				2941DAAA22B08F67002E9473 /* wordcloud.html */,
				2941DAAE22B08F73002E9473 /* d3.layout.cloud.js */,
				2941DAAC22B08F72002E9473 /* d3.v3.min.js */,
				2941DAAD22B08F73002E9473 /* seedrandom.js */,
				29BE669A22AFEC16001A4373 /* WordCloud.swift */,
			);
			path = WordCloud;
			sourceTree = "<group>";
		};
		298B3E8522B5C38A00C0BCBE /* NLP */ = {
			isa = PBXGroup;
			children = (
				298B3E8722B5C39700C0BCBE /* Tokenizer.swift */,
				298B3E8622B5C39700C0BCBE /* Token.swift */,
			);
			path = NLP;
			sourceTree = "<group>";
		};
		72FA24CD28E165AAC51E806D /* Frameworks */ = {
			isa = PBXGroup;
			children = (
				6B001501AC0512161B915B29 /* Pods_TF_Visualizacao.framework */,
			);
			name = Frameworks;
			sourceTree = "<group>";
		};
		7E832948AE33A2F556BA77B9 /* Pods */ = {
			isa = PBXGroup;
			children = (
				E55C9BB869EA1B88468422A6 /* Pods-TF-Visualizacao.debug.xcconfig */,
				62D0421D70E92A21A056DEB7 /* Pods-TF-Visualizacao.release.xcconfig */,
			);
			name = Pods;
			sourceTree = "<group>";
		};
		C2D6F4A722AAF5A5009D0C81 = {
			isa = PBXGroup;
			children = (
				C2D6F4B222AAF5A5009D0C81 /* TF-Visualizacao */,
				C2D6F4B122AAF5A5009D0C81 /* Products */,
				7E832948AE33A2F556BA77B9 /* Pods */,
				72FA24CD28E165AAC51E806D /* Frameworks */,
			);
			sourceTree = "<group>";
		};
		C2D6F4B122AAF5A5009D0C81 /* Products */ = {
			isa = PBXGroup;
			children = (
				C2D6F4B022AAF5A5009D0C81 /* TF-Visualizacao.app */,
			);
			name = Products;
			sourceTree = "<group>";
		};
		C2D6F4B222AAF5A5009D0C81 /* TF-Visualizacao */ = {
			isa = PBXGroup;
			children = (
				C2D6F4B322AAF5A5009D0C81 /* AppDelegate.swift */,
				29AF7EBB22B4190C0067CD9D /* UIView+Extension.swift */,
				2941536B22B446E100E681B3 /* Date+Extension.swift */,
				298B3E8122B568C300C0BCBE /* Array+Extension.swift */,
				C2D6F4B522AAF5A5009D0C81 /* ViewController.swift */,
				298B3E8522B5C38A00C0BCBE /* NLP */,
				298B3E8322B5C1B600C0BCBE /* Data */,
				298B3E8422B5C1CE00C0BCBE /* WordCloud */,
				C2D6F4B722AAF5A5009D0C81 /* Main.storyboard */,
				C2D6F4BA22AAF5A6009D0C81 /* Assets.xcassets */,
				C2D6F4BC22AAF5A6009D0C81 /* LaunchScreen.storyboard */,
				C2D6F4BF22AAF5A6009D0C81 /* Info.plist */,
			);
			path = "TF-Visualizacao";
			sourceTree = "<group>";
		};
/* End PBXGroup section */

/* Begin PBXNativeTarget section */
		C2D6F4AF22AAF5A5009D0C81 /* TF-Visualizacao */ = {
			isa = PBXNativeTarget;
			buildConfigurationList = C2D6F4C222AAF5A6009D0C81 /* Build configuration list for PBXNativeTarget "TF-Visualizacao" */;
			buildPhases = (
				B8BEAE8290D8DFF924D66F87 /* [CP] Check Pods Manifest.lock */,
				C2D6F4AC22AAF5A5009D0C81 /* Sources */,
				C2D6F4AD22AAF5A5009D0C81 /* Frameworks */,
				C2D6F4AE22AAF5A5009D0C81 /* Resources */,
				DD02D3BE0B74D0329E942ADC /* [CP] Embed Pods Frameworks */,
			);
			buildRules = (
			);
			dependencies = (
			);
			name = "TF-Visualizacao";
			productName = "TF-Visualizacao";
			productReference = C2D6F4B022AAF5A5009D0C81 /* TF-Visualizacao.app */;
			productType = "com.apple.product-type.application";
		};
/* End PBXNativeTarget section */

/* Begin PBXProject section */
		C2D6F4A822AAF5A5009D0C81 /* Project object */ = {
			isa = PBXProject;
			attributes = {
				LastSwiftUpdateCheck = 1020;
				LastUpgradeCheck = 1020;
				ORGANIZATIONNAME = "Matheus Vaccaro";
				TargetAttributes = {
					C2D6F4AF22AAF5A5009D0C81 = {
						CreatedOnToolsVersion = 10.2.1;
					};
				};
			};
			buildConfigurationList = C2D6F4AB22AAF5A5009D0C81 /* Build configuration list for PBXProject "TF-Visualizacao" */;
			compatibilityVersion = "Xcode 9.3";
			developmentRegion = en;
			hasScannedForEncodings = 0;
			knownRegions = (
				en,
				Base,
			);
			mainGroup = C2D6F4A722AAF5A5009D0C81;
			productRefGroup = C2D6F4B122AAF5A5009D0C81 /* Products */;
			projectDirPath = "";
			projectRoot = "";
			targets = (
				C2D6F4AF22AAF5A5009D0C81 /* TF-Visualizacao */,
			);
		};
/* End PBXProject section */

/* Begin PBXResourcesBuildPhase section */
		C2D6F4AE22AAF5A5009D0C81 /* Resources */ = {
			isa = PBXResourcesBuildPhase;
			buildActionMask = 2147483647;
			files = (
				2941DAB122B08F73002E9473 /* d3.layout.cloud.js in Resources */,
				2941DAAF22B08F73002E9473 /* d3.v3.min.js in Resources */,
				2941DAAB22B08F67002E9473 /* wordcloud.html in Resources */,
				2941DAB022B08F73002E9473 /* seedrandom.js in Resources */,
				C2D6F4BE22AAF5A6009D0C81 /* LaunchScreen.storyboard in Resources */,
				29AF7EC022B430E10067CD9D /* ages-weekly_reports.csv in Resources */,
				C2D6F4BB22AAF5A6009D0C81 /* Assets.xcassets in Resources */,
				C2D6F4B922AAF5A5009D0C81 /* Main.storyboard in Resources */,
			);
			runOnlyForDeploymentPostprocessing = 0;
		};
/* End PBXResourcesBuildPhase section */

/* Begin PBXShellScriptBuildPhase section */
		B8BEAE8290D8DFF924D66F87 /* [CP] Check Pods Manifest.lock */ = {
			isa = PBXShellScriptBuildPhase;
			buildActionMask = 2147483647;
			files = (
			);
			inputFileListPaths = (
			);
			inputPaths = (
				"${PODS_PODFILE_DIR_PATH}/Podfile.lock",
				"${PODS_ROOT}/Manifest.lock",
			);
			name = "[CP] Check Pods Manifest.lock";
			outputFileListPaths = (
			);
			outputPaths = (
				"$(DERIVED_FILE_DIR)/Pods-TF-Visualizacao-checkManifestLockResult.txt",
			);
			runOnlyForDeploymentPostprocessing = 0;
			shellPath = /bin/sh;
			shellScript = "diff \"${PODS_PODFILE_DIR_PATH}/Podfile.lock\" \"${PODS_ROOT}/Manifest.lock\" > /dev/null\nif [ $? != 0 ] ; then\n    # print error to STDERR\n    echo \"error: The sandbox is not in sync with the Podfile.lock. Run 'pod install' or update your CocoaPods installation.\" >&2\n    exit 1\nfi\n# This output is used by Xcode 'outputs' to avoid re-running this script phase.\necho \"SUCCESS\" > \"${SCRIPT_OUTPUT_FILE_0}\"\n";
			showEnvVarsInLog = 0;
		};
		DD02D3BE0B74D0329E942ADC /* [CP] Embed Pods Frameworks */ = {
			isa = PBXShellScriptBuildPhase;
			buildActionMask = 2147483647;
			files = (
			);
			inputFileListPaths = (
				"${PODS_ROOT}/Target Support Files/Pods-TF-Visualizacao/Pods-TF-Visualizacao-frameworks-${CONFIGURATION}-input-files.xcfilelist",
			);
			name = "[CP] Embed Pods Frameworks";
			outputFileListPaths = (
				"${PODS_ROOT}/Target Support Files/Pods-TF-Visualizacao/Pods-TF-Visualizacao-frameworks-${CONFIGURATION}-output-files.xcfilelist",
			);
			runOnlyForDeploymentPostprocessing = 0;
			shellPath = /bin/sh;
			shellScript = "\"${PODS_ROOT}/Target Support Files/Pods-TF-Visualizacao/Pods-TF-Visualizacao-frameworks.sh\"\n";
			showEnvVarsInLog = 0;
		};
/* End PBXShellScriptBuildPhase section */

/* Begin PBXSourcesBuildPhase section */
		C2D6F4AC22AAF5A5009D0C81 /* Sources */ = {
			isa = PBXSourcesBuildPhase;
			buildActionMask = 2147483647;
			files = (
				298B3E8922B5C39700C0BCBE /* Tokenizer.swift in Sources */,
				2941536E22B549E800E681B3 /* WordSizer.swift in Sources */,
				C2D6F4B622AAF5A5009D0C81 /* ViewController.swift in Sources */,
				29AF7EC222B431910067CD9D /* AGESDataLoader.swift in Sources */,
				C2D6F4B422AAF5A5009D0C81 /* AppDelegate.swift in Sources */,
				29AF7EBC22B4190C0067CD9D /* UIView+Extension.swift in Sources */,
				29AF7EBE22B430050067CD9D /* AGESData.swift in Sources */,
				2941536C22B446E100E681B3 /* Date+Extension.swift in Sources */,
				298B3E8822B5C39700C0BCBE /* Token.swift in Sources */,
				2941DAA922B08F5E002E9473 /* WordCloudViewController.swift in Sources */,
				298B3E8222B568C300C0BCBE /* Array+Extension.swift in Sources */,
				29BE669B22AFEC16001A4373 /* WordCloud.swift in Sources */,
			);
			runOnlyForDeploymentPostprocessing = 0;
		};
/* End PBXSourcesBuildPhase section */

/* Begin PBXVariantGroup section */
		C2D6F4B722AAF5A5009D0C81 /* Main.storyboard */ = {
			isa = PBXVariantGroup;
			children = (
				C2D6F4B822AAF5A5009D0C81 /* Base */,
			);
			name = Main.storyboard;
			sourceTree = "<group>";
		};
		C2D6F4BC22AAF5A6009D0C81 /* LaunchScreen.storyboard */ = {
			isa = PBXVariantGroup;
			children = (
				C2D6F4BD22AAF5A6009D0C81 /* Base */,
			);
			name = LaunchScreen.storyboard;
			sourceTree = "<group>";
		};
/* End PBXVariantGroup section */

/* Begin XCBuildConfiguration section */
		C2D6F4C022AAF5A6009D0C81 /* Debug */ = {
			isa = XCBuildConfiguration;
			buildSettings = {
				ALWAYS_SEARCH_USER_PATHS = NO;
				CLANG_ANALYZER_NONNULL = YES;
				CLANG_ANALYZER_NUMBER_OBJECT_CONVERSION = YES_AGGRESSIVE;
				CLANG_CXX_LANGUAGE_STANDARD = "gnu++14";
				CLANG_CXX_LIBRARY = "libc++";
				CLANG_ENABLE_MODULES = YES;
				CLANG_ENABLE_OBJC_ARC = YES;
				CLANG_ENABLE_OBJC_WEAK = YES;
				CLANG_WARN_BLOCK_CAPTURE_AUTORELEASING = YES;
				CLANG_WARN_BOOL_CONVERSION = YES;
				CLANG_WARN_COMMA = YES;
				CLANG_WARN_CONSTANT_CONVERSION = YES;
				CLANG_WARN_DEPRECATED_OBJC_IMPLEMENTATIONS = YES;
				CLANG_WARN_DIRECT_OBJC_ISA_USAGE = YES_ERROR;
				CLANG_WARN_DOCUMENTATION_COMMENTS = YES;
				CLANG_WARN_EMPTY_BODY = YES;
				CLANG_WARN_ENUM_CONVERSION = YES;
				CLANG_WARN_INFINITE_RECURSION = YES;
				CLANG_WARN_INT_CONVERSION = YES;
				CLANG_WARN_NON_LITERAL_NULL_CONVERSION = YES;
				CLANG_WARN_OBJC_IMPLICIT_RETAIN_SELF = YES;
				CLANG_WARN_OBJC_LITERAL_CONVERSION = YES;
				CLANG_WARN_OBJC_ROOT_CLASS = YES_ERROR;
				CLANG_WARN_RANGE_LOOP_ANALYSIS = YES;
				CLANG_WARN_STRICT_PROTOTYPES = YES;
				CLANG_WARN_SUSPICIOUS_MOVE = YES;
				CLANG_WARN_UNGUARDED_AVAILABILITY = YES_AGGRESSIVE;
				CLANG_WARN_UNREACHABLE_CODE = YES;
				CLANG_WARN__DUPLICATE_METHOD_MATCH = YES;
				CODE_SIGN_IDENTITY = "iPhone Developer";
				COPY_PHASE_STRIP = NO;
				DEBUG_INFORMATION_FORMAT = dwarf;
				ENABLE_STRICT_OBJC_MSGSEND = YES;
				ENABLE_TESTABILITY = YES;
				GCC_C_LANGUAGE_STANDARD = gnu11;
				GCC_DYNAMIC_NO_PIC = NO;
				GCC_NO_COMMON_BLOCKS = YES;
				GCC_OPTIMIZATION_LEVEL = 0;
				GCC_PREPROCESSOR_DEFINITIONS = (
					"DEBUG=1",
					"$(inherited)",
				);
				GCC_WARN_64_TO_32_BIT_CONVERSION = YES;
				GCC_WARN_ABOUT_RETURN_TYPE = YES_ERROR;
				GCC_WARN_UNDECLARED_SELECTOR = YES;
				GCC_WARN_UNINITIALIZED_AUTOS = YES_AGGRESSIVE;
				GCC_WARN_UNUSED_FUNCTION = YES;
				GCC_WARN_UNUSED_VARIABLE = YES;
				IPHONEOS_DEPLOYMENT_TARGET = 12.2;
				MTL_ENABLE_DEBUG_INFO = INCLUDE_SOURCE;
				MTL_FAST_MATH = YES;
				ONLY_ACTIVE_ARCH = YES;
				SDKROOT = iphoneos;
				SWIFT_ACTIVE_COMPILATION_CONDITIONS = DEBUG;
				SWIFT_OPTIMIZATION_LEVEL = "-Onone";
			};
			name = Debug;
		};
		C2D6F4C122AAF5A6009D0C81 /* Release */ = {
			isa = XCBuildConfiguration;
			buildSettings = {
				ALWAYS_SEARCH_USER_PATHS = NO;
				CLANG_ANALYZER_NONNULL = YES;
				CLANG_ANALYZER_NUMBER_OBJECT_CONVERSION = YES_AGGRESSIVE;
				CLANG_CXX_LANGUAGE_STANDARD = "gnu++14";
				CLANG_CXX_LIBRARY = "libc++";
				CLANG_ENABLE_MODULES = YES;
				CLANG_ENABLE_OBJC_ARC = YES;
				CLANG_ENABLE_OBJC_WEAK = YES;
				CLANG_WARN_BLOCK_CAPTURE_AUTORELEASING = YES;
				CLANG_WARN_BOOL_CONVERSION = YES;
				CLANG_WARN_COMMA = YES;
				CLANG_WARN_CONSTANT_CONVERSION = YES;
				CLANG_WARN_DEPRECATED_OBJC_IMPLEMENTATIONS = YES;
				CLANG_WARN_DIRECT_OBJC_ISA_USAGE = YES_ERROR;
				CLANG_WARN_DOCUMENTATION_COMMENTS = YES;
				CLANG_WARN_EMPTY_BODY = YES;
				CLANG_WARN_ENUM_CONVERSION = YES;
				CLANG_WARN_INFINITE_RECURSION = YES;
				CLANG_WARN_INT_CONVERSION = YES;
				CLANG_WARN_NON_LITERAL_NULL_CONVERSION = YES;
				CLANG_WARN_OBJC_IMPLICIT_RETAIN_SELF = YES;
				CLANG_WARN_OBJC_LITERAL_CONVERSION = YES;
				CLANG_WARN_OBJC_ROOT_CLASS = YES_ERROR;
				CLANG_WARN_RANGE_LOOP_ANALYSIS = YES;
				CLANG_WARN_STRICT_PROTOTYPES = YES;
				CLANG_WARN_SUSPICIOUS_MOVE = YES;
				CLANG_WARN_UNGUARDED_AVAILABILITY = YES_AGGRESSIVE;
				CLANG_WARN_UNREACHABLE_CODE = YES;
				CLANG_WARN__DUPLICATE_METHOD_MATCH = YES;
				CODE_SIGN_IDENTITY = "iPhone Developer";
				COPY_PHASE_STRIP = NO;
				DEBUG_INFORMATION_FORMAT = "dwarf-with-dsym";
				ENABLE_NS_ASSERTIONS = NO;
				ENABLE_STRICT_OBJC_MSGSEND = YES;
				GCC_C_LANGUAGE_STANDARD = gnu11;
				GCC_NO_COMMON_BLOCKS = YES;
				GCC_WARN_64_TO_32_BIT_CONVERSION = YES;
				GCC_WARN_ABOUT_RETURN_TYPE = YES_ERROR;
				GCC_WARN_UNDECLARED_SELECTOR = YES;
				GCC_WARN_UNINITIALIZED_AUTOS = YES_AGGRESSIVE;
				GCC_WARN_UNUSED_FUNCTION = YES;
				GCC_WARN_UNUSED_VARIABLE = YES;
				IPHONEOS_DEPLOYMENT_TARGET = 12.2;
				MTL_ENABLE_DEBUG_INFO = NO;
				MTL_FAST_MATH = YES;
				SDKROOT = iphoneos;
				SWIFT_COMPILATION_MODE = wholemodule;
				SWIFT_OPTIMIZATION_LEVEL = "-O";
				VALIDATE_PRODUCT = YES;
			};
			name = Release;
		};
		C2D6F4C322AAF5A6009D0C81 /* Debug */ = {
			isa = XCBuildConfiguration;
			baseConfigurationReference = E55C9BB869EA1B88468422A6 /* Pods-TF-Visualizacao.debug.xcconfig */;
			buildSettings = {
				ASSETCATALOG_COMPILER_APPICON_NAME = AppIcon;
				CODE_SIGN_STYLE = Automatic;
				DEVELOPMENT_TEAM = LY74HQDURM;
				INFOPLIST_FILE = "TF-Visualizacao/Info.plist";
				LD_RUNPATH_SEARCH_PATHS = (
					"$(inherited)",
					"@executable_path/Frameworks",
				);
				PRODUCT_BUNDLE_IDENTIFIER = "Matheus-Vaccaro.TF-Visualizacao";
				PRODUCT_NAME = "$(TARGET_NAME)";
				SWIFT_VERSION = 5.0;
				TARGETED_DEVICE_FAMILY = "1,2";
			};
			name = Debug;
		};
		C2D6F4C422AAF5A6009D0C81 /* Release */ = {
			isa = XCBuildConfiguration;
			baseConfigurationReference = 62D0421D70E92A21A056DEB7 /* Pods-TF-Visualizacao.release.xcconfig */;
			buildSettings = {
				ASSETCATALOG_COMPILER_APPICON_NAME = AppIcon;
				CODE_SIGN_STYLE = Automatic;
				DEVELOPMENT_TEAM = LY74HQDURM;
				INFOPLIST_FILE = "TF-Visualizacao/Info.plist";
				LD_RUNPATH_SEARCH_PATHS = (
					"$(inherited)",
					"@executable_path/Frameworks",
				);
				PRODUCT_BUNDLE_IDENTIFIER = "Matheus-Vaccaro.TF-Visualizacao";
				PRODUCT_NAME = "$(TARGET_NAME)";
				SWIFT_VERSION = 5.0;
				TARGETED_DEVICE_FAMILY = "1,2";
			};
			name = Release;
		};
/* End XCBuildConfiguration section */

/* Begin XCConfigurationList section */
		C2D6F4AB22AAF5A5009D0C81 /* Build configuration list for PBXProject "TF-Visualizacao" */ = {
			isa = XCConfigurationList;
			buildConfigurations = (
				C2D6F4C022AAF5A6009D0C81 /* Debug */,
				C2D6F4C122AAF5A6009D0C81 /* Release */,
			);
			defaultConfigurationIsVisible = 0;
			defaultConfigurationName = Release;
		};
		C2D6F4C222AAF5A6009D0C81 /* Build configuration list for PBXNativeTarget "TF-Visualizacao" */ = {
			isa = XCConfigurationList;
			buildConfigurations = (
				C2D6F4C322AAF5A6009D0C81 /* Debug */,
				C2D6F4C422AAF5A6009D0C81 /* Release */,
			);
			defaultConfigurationIsVisible = 0;
			defaultConfigurationName = Release;
		};
/* End XCConfigurationList section */
	};
	rootObject = C2D6F4A822AAF5A5009D0C81 /* Project object */;
}
